{"format_version":"1.2","terraform_version":"1.11.4","variables":{"vpc_id":{"value":"vpc-0a91bed61b42f8fba"}},"planned_values":{"outputs":{"grafana_igw_id":{"sensitive":false},"grafana_route_table_id":{"sensitive":false},"grafana_sg_id":{"sensitive":false},"grafana_subnet_id":{"sensitive":false}},"root_module":{"resources":[{"address":"aws_internet_gateway.grafana_igw","mode":"managed","type":"aws_internet_gateway","name":"grafana_igw","provider_name":"registry.terraform.io/hashicorp/aws","schema_version":0,"values":{"tags":{"Name":"mate-aws-grafana-lab-igw"},"tags_all":{"Name":"mate-aws-grafana-lab-igw"},"timeouts":null,"vpc_id":"vpc-0a91bed61b42f8fba"},"sensitive_values":{"tags":{},"tags_all":{}}},{"address":"aws_route_table.grafana_rt","mode":"managed","type":"aws_route_table","name":"grafana_rt","provider_name":"registry.terraform.io/hashicorp/aws","schema_version":0,"values":{"route":[{"carrier_gateway_id":"","cidr_block":"0.0.0.0/0","core_network_arn":"","destination_prefix_list_id":"","egress_only_gateway_id":"","ipv6_cidr_block":"","local_gateway_id":"","nat_gateway_id":"","network_interface_id":"","transit_gateway_id":"","vpc_endpoint_id":"","vpc_peering_connection_id":""}],"tags":{"Name":"mate-aws-grafana-lab-rt"},"tags_all":{"Name":"mate-aws-grafana-lab-rt"},"timeouts":null,"vpc_id":"vpc-0a91bed61b42f8fba"},"sensitive_values":{"propagating_vgws":[],"route":[{}],"tags":{},"tags_all":{}}},{"address":"aws_route_table_association.grafana_rta","mode":"managed","type":"aws_route_table_association","name":"grafana_rta","provider_name":"registry.terraform.io/hashicorp/aws","schema_version":0,"values":{"gateway_id":null,"timeouts":null},"sensitive_values":{}},{"address":"aws_security_group.grafana_sg","mode":"managed","type":"aws_security_group","name":"grafana_sg","provider_name":"registry.terraform.io/hashicorp/aws","schema_version":1,"values":{"description":"Allow HTTP, HTTPS, SSH to Grafana","egress":[{"cidr_blocks":["0.0.0.0/0"],"description":"","from_port":0,"ipv6_cidr_blocks":[],"prefix_list_ids":[],"protocol":"-1","security_groups":[],"self":false,"to_port":0}],"name":"mate-aws-grafana-lab-sg","revoke_rules_on_delete":false,"tags":{"Name":"mate-aws-grafana-lab-sg"},"tags_all":{"Name":"mate-aws-grafana-lab-sg"},"timeouts":null,"vpc_id":"vpc-0a91bed61b42f8fba"},"sensitive_values":{"egress":[{"cidr_blocks":[false],"ipv6_cidr_blocks":[],"prefix_list_ids":[],"security_groups":[]}],"ingress":[],"tags":{},"tags_all":{}}},{"address":"aws_security_group_rule.allow_http","mode":"managed","type":"aws_security_group_rule","name":"allow_http","provider_name":"registry.terraform.io/hashicorp/aws","schema_version":2,"values":{"cidr_blocks":["0.0.0.0/0"],"description":null,"from_port":80,"ipv6_cidr_blocks":null,"prefix_list_ids":null,"protocol":"tcp","self":false,"timeouts":null,"to_port":80,"type":"ingress"},"sensitive_values":{"cidr_blocks":[false]}},{"address":"aws_security_group_rule.allow_https","mode":"managed","type":"aws_security_group_rule","name":"allow_https","provider_name":"registry.terraform.io/hashicorp/aws","schema_version":2,"values":{"cidr_blocks":["0.0.0.0/0"],"description":null,"from_port":443,"ipv6_cidr_blocks":null,"prefix_list_ids":null,"protocol":"tcp","self":false,"timeouts":null,"to_port":443,"type":"ingress"},"sensitive_values":{"cidr_blocks":[false]}},{"address":"aws_security_group_rule.allow_ssh","mode":"managed","type":"aws_security_group_rule","name":"allow_ssh","provider_name":"registry.terraform.io/hashicorp/aws","schema_version":2,"values":{"cidr_blocks":["185.136.134.23/32"],"description":null,"from_port":22,"ipv6_cidr_blocks":null,"prefix_list_ids":null,"protocol":"tcp","self":false,"timeouts":null,"to_port":22,"type":"ingress"},"sensitive_values":{"cidr_blocks":[false]}},{"address":"aws_subnet.grafana","mode":"managed","type":"aws_subnet","name":"grafana","provider_name":"registry.terraform.io/hashicorp/aws","schema_version":1,"values":{"assign_ipv6_address_on_creation":false,"availability_zone":"eu-central-1a","cidr_block":"10.0.10.0/24","customer_owned_ipv4_pool":null,"enable_dns64":false,"enable_lni_at_device_index":null,"enable_resource_name_dns_a_record_on_launch":false,"enable_resource_name_dns_aaaa_record_on_launch":false,"ipv6_cidr_block":null,"ipv6_native":false,"map_customer_owned_ip_on_launch":null,"map_public_ip_on_launch":false,"outpost_arn":null,"tags":{"Name":"grafana-subnet"},"tags_all":{"Name":"grafana-subnet"},"timeouts":null,"vpc_id":"vpc-0a91bed61b42f8fba"},"sensitive_values":{"tags":{},"tags_all":{}}}]}},"resource_changes":[{"address":"aws_internet_gateway.grafana_igw","mode":"managed","type":"aws_internet_gateway","name":"grafana_igw","provider_name":"registry.terraform.io/hashicorp/aws","change":{"actions":["create"],"before":null,"after":{"tags":{"Name":"mate-aws-grafana-lab-igw"},"tags_all":{"Name":"mate-aws-grafana-lab-igw"},"timeouts":null,"vpc_id":"vpc-0a91bed61b42f8fba"},"after_unknown":{"arn":true,"id":true,"owner_id":true,"tags":{},"tags_all":{}},"before_sensitive":false,"after_sensitive":{"tags":{},"tags_all":{}}}},{"address":"aws_route_table.grafana_rt","mode":"managed","type":"aws_route_table","name":"grafana_rt","provider_name":"registry.terraform.io/hashicorp/aws","change":{"actions":["create"],"before":null,"after":{"route":[{"carrier_gateway_id":"","cidr_block":"0.0.0.0/0","core_network_arn":"","destination_prefix_list_id":"","egress_only_gateway_id":"","ipv6_cidr_block":"","local_gateway_id":"","nat_gateway_id":"","network_interface_id":"","transit_gateway_id":"","vpc_endpoint_id":"","vpc_peering_connection_id":""}],"tags":{"Name":"mate-aws-grafana-lab-rt"},"tags_all":{"Name":"mate-aws-grafana-lab-rt"},"timeouts":null,"vpc_id":"vpc-0a91bed61b42f8fba"},"after_unknown":{"arn":true,"id":true,"owner_id":true,"propagating_vgws":true,"route":[{"gateway_id":true}],"tags":{},"tags_all":{}},"before_sensitive":false,"after_sensitive":{"propagating_vgws":[],"route":[{}],"tags":{},"tags_all":{}}}},{"address":"aws_route_table_association.grafana_rta","mode":"managed","type":"aws_route_table_association","name":"grafana_rta","provider_name":"registry.terraform.io/hashicorp/aws","change":{"actions":["create"],"before":null,"after":{"gateway_id":null,"timeouts":null},"after_unknown":{"id":true,"route_table_id":true,"subnet_id":true},"before_sensitive":false,"after_sensitive":{}}},{"address":"aws_security_group.grafana_sg","mode":"managed","type":"aws_security_group","name":"grafana_sg","provider_name":"registry.terraform.io/hashicorp/aws","change":{"actions":["create"],"before":null,"after":{"description":"Allow HTTP, HTTPS, SSH to Grafana","egress":[{"cidr_blocks":["0.0.0.0/0"],"description":"","from_port":0,"ipv6_cidr_blocks":[],"prefix_list_ids":[],"protocol":"-1","security_groups":[],"self":false,"to_port":0}],"name":"mate-aws-grafana-lab-sg","revoke_rules_on_delete":false,"tags":{"Name":"mate-aws-grafana-lab-sg"},"tags_all":{"Name":"mate-aws-grafana-lab-sg"},"timeouts":null,"vpc_id":"vpc-0a91bed61b42f8fba"},"after_unknown":{"arn":true,"egress":[{"cidr_blocks":[false],"ipv6_cidr_blocks":[],"prefix_list_ids":[],"security_groups":[]}],"id":true,"ingress":true,"name_prefix":true,"owner_id":true,"tags":{},"tags_all":{}},"before_sensitive":false,"after_sensitive":{"egress":[{"cidr_blocks":[false],"ipv6_cidr_blocks":[],"prefix_list_ids":[],"security_groups":[]}],"ingress":[],"tags":{},"tags_all":{}}}},{"address":"aws_security_group_rule.allow_http","mode":"managed","type":"aws_security_group_rule","name":"allow_http","provider_name":"registry.terraform.io/hashicorp/aws","change":{"actions":["create"],"before":null,"after":{"cidr_blocks":["0.0.0.0/0"],"description":null,"from_port":80,"ipv6_cidr_blocks":null,"prefix_list_ids":null,"protocol":"tcp","self":false,"timeouts":null,"to_port":80,"type":"ingress"},"after_unknown":{"cidr_blocks":[false],"id":true,"security_group_id":true,"security_group_rule_id":true,"source_security_group_id":true},"before_sensitive":false,"after_sensitive":{"cidr_blocks":[false]}}},{"address":"aws_security_group_rule.allow_https","mode":"managed","type":"aws_security_group_rule","name":"allow_https","provider_name":"registry.terraform.io/hashicorp/aws","change":{"actions":["create"],"before":null,"after":{"cidr_blocks":["0.0.0.0/0"],"description":null,"from_port":443,"ipv6_cidr_blocks":null,"prefix_list_ids":null,"protocol":"tcp","self":false,"timeouts":null,"to_port":443,"type":"ingress"},"after_unknown":{"cidr_blocks":[false],"id":true,"security_group_id":true,"security_group_rule_id":true,"source_security_group_id":true},"before_sensitive":false,"after_sensitive":{"cidr_blocks":[false]}}},{"address":"aws_security_group_rule.allow_ssh","mode":"managed","type":"aws_security_group_rule","name":"allow_ssh","provider_name":"registry.terraform.io/hashicorp/aws","change":{"actions":["create"],"before":null,"after":{"cidr_blocks":["185.136.134.23/32"],"description":null,"from_port":22,"ipv6_cidr_blocks":null,"prefix_list_ids":null,"protocol":"tcp","self":false,"timeouts":null,"to_port":22,"type":"ingress"},"after_unknown":{"cidr_blocks":[false],"id":true,"security_group_id":true,"security_group_rule_id":true,"source_security_group_id":true},"before_sensitive":false,"after_sensitive":{"cidr_blocks":[false]}}},{"address":"aws_subnet.grafana","mode":"managed","type":"aws_subnet","name":"grafana","provider_name":"registry.terraform.io/hashicorp/aws","change":{"actions":["create"],"before":null,"after":{"assign_ipv6_address_on_creation":false,"availability_zone":"eu-central-1a","cidr_block":"10.0.10.0/24","customer_owned_ipv4_pool":null,"enable_dns64":false,"enable_lni_at_device_index":null,"enable_resource_name_dns_a_record_on_launch":false,"enable_resource_name_dns_aaaa_record_on_launch":false,"ipv6_cidr_block":null,"ipv6_native":false,"map_customer_owned_ip_on_launch":null,"map_public_ip_on_launch":false,"outpost_arn":null,"tags":{"Name":"grafana-subnet"},"tags_all":{"Name":"grafana-subnet"},"timeouts":null,"vpc_id":"vpc-0a91bed61b42f8fba"},"after_unknown":{"arn":true,"availability_zone_id":true,"id":true,"ipv6_cidr_block_association_id":true,"owner_id":true,"private_dns_hostname_type_on_launch":true,"tags":{},"tags_all":{}},"before_sensitive":false,"after_sensitive":{"tags":{},"tags_all":{}}}}],"output_changes":{"grafana_igw_id":{"actions":["create"],"before":null,"after_unknown":true,"before_sensitive":false,"after_sensitive":false},"grafana_route_table_id":{"actions":["create"],"before":null,"after_unknown":true,"before_sensitive":false,"after_sensitive":false},"grafana_sg_id":{"actions":["create"],"before":null,"after_unknown":true,"before_sensitive":false,"after_sensitive":false},"grafana_subnet_id":{"actions":["create"],"before":null,"after_unknown":true,"before_sensitive":false,"after_sensitive":false}},"configuration":{"provider_config":{"aws":{"name":"aws","full_name":"registry.terraform.io/hashicorp/aws","version_constraint":"~\u003e 5.0"}},"root_module":{"outputs":{"grafana_igw_id":{"expression":{"references":["aws_internet_gateway.grafana_igw.id","aws_internet_gateway.grafana_igw"]}},"grafana_route_table_id":{"expression":{"references":["aws_route_table.grafana_rt.id","aws_route_table.grafana_rt"]}},"grafana_sg_id":{"expression":{"references":["aws_security_group.grafana_sg.id","aws_security_group.grafana_sg"]}},"grafana_subnet_id":{"expression":{"references":["aws_subnet.grafana.id","aws_subnet.grafana"]}}},"resources":[{"address":"aws_internet_gateway.grafana_igw","mode":"managed","type":"aws_internet_gateway","name":"grafana_igw","provider_config_key":"aws","expressions":{"tags":{"constant_value":{"Name":"mate-aws-grafana-lab-igw"}},"vpc_id":{"references":["var.vpc_id"]}},"schema_version":0},{"address":"aws_route_table.grafana_rt","mode":"managed","type":"aws_route_table","name":"grafana_rt","provider_config_key":"aws","expressions":{"route":{"references":["aws_internet_gateway.grafana_igw.id","aws_internet_gateway.grafana_igw"]},"tags":{"constant_value":{"Name":"mate-aws-grafana-lab-rt"}},"vpc_id":{"references":["var.vpc_id"]}},"schema_version":0},{"address":"aws_route_table_association.grafana_rta","mode":"managed","type":"aws_route_table_association","name":"grafana_rta","provider_config_key":"aws","expressions":{"route_table_id":{"references":["aws_route_table.grafana_rt.id","aws_route_table.grafana_rt"]},"subnet_id":{"references":["aws_subnet.grafana.id","aws_subnet.grafana"]}},"schema_version":0},{"address":"aws_security_group.grafana_sg","mode":"managed","type":"aws_security_group","name":"grafana_sg","provider_config_key":"aws","expressions":{"description":{"constant_value":"Allow HTTP, HTTPS, SSH to Grafana"},"egress":{"constant_value":[{"cidr_blocks":["0.0.0.0/0"],"description":null,"from_port":0,"ipv6_cidr_blocks":null,"prefix_list_ids":null,"protocol":"-1","security_groups":null,"self":null,"to_port":0}]},"name":{"constant_value":"mate-aws-grafana-lab-sg"},"tags":{"constant_value":{"Name":"mate-aws-grafana-lab-sg"}},"vpc_id":{"references":["var.vpc_id"]}},"schema_version":1},{"address":"aws_security_group_rule.allow_http","mode":"managed","type":"aws_security_group_rule","name":"allow_http","provider_config_key":"aws","expressions":{"cidr_blocks":{"constant_value":["0.0.0.0/0"]},"from_port":{"constant_value":80},"protocol":{"constant_value":"tcp"},"security_group_id":{"references":["aws_security_group.grafana_sg.id","aws_security_group.grafana_sg"]},"to_port":{"constant_value":80},"type":{"constant_value":"ingress"}},"schema_version":2},{"address":"aws_security_group_rule.allow_https","mode":"managed","type":"aws_security_group_rule","name":"allow_https","provider_config_key":"aws","expressions":{"cidr_blocks":{"constant_value":["0.0.0.0/0"]},"from_port":{"constant_value":443},"protocol":{"constant_value":"tcp"},"security_group_id":{"references":["aws_security_group.grafana_sg.id","aws_security_group.grafana_sg"]},"to_port":{"constant_value":443},"type":{"constant_value":"ingress"}},"schema_version":2},{"address":"aws_security_group_rule.allow_ssh","mode":"managed","type":"aws_security_group_rule","name":"allow_ssh","provider_config_key":"aws","expressions":{"cidr_blocks":{"constant_value":["185.136.134.23/32"]},"from_port":{"constant_value":22},"protocol":{"constant_value":"tcp"},"security_group_id":{"references":["aws_security_group.grafana_sg.id","aws_security_group.grafana_sg"]},"to_port":{"constant_value":22},"type":{"constant_value":"ingress"}},"schema_version":2},{"address":"aws_subnet.grafana","mode":"managed","type":"aws_subnet","name":"grafana","provider_config_key":"aws","expressions":{"availability_zone":{"constant_value":"eu-central-1a"},"cidr_block":{"constant_value":"10.0.10.0/24"},"tags":{"constant_value":{"Name":"grafana-subnet"}},"vpc_id":{"references":["var.vpc_id"]}},"schema_version":1}],"variables":{"vpc_id":{"description":"ID of the VPC, you deployed in the previous task."}}}},"relevant_attributes":[{"resource":"aws_internet_gateway.grafana_igw","attribute":["id"]},{"resource":"aws_route_table.grafana_rt","attribute":["id"]},{"resource":"aws_subnet.grafana","attribute":["id"]},{"resource":"aws_security_group.grafana_sg","attribute":["id"]}],"timestamp":"2025-05-18T18:48:12Z","applyable":true,"complete":true,"errored":false}
